{
  "nodes": {
    "nixpkgs": {
      "locked": {
        "lastModified": 1739888266,
        "narHash": "sha256-LdZ0o2MQEKQGTwfIOlHuGuMUItv7HK3P3qxtULkYwqQ=",
        "owner": "NixOS",
        "repo": "nixpkgs",
        "rev": "340311d2296cc6034405c0d72c964988f2d5931a",
        "type": "github"
      },
      "original": {
        "owner": "NixOS",
        "ref": "nixos-24.11",
        "repo": "nixpkgs",
        "type": "github"
      }
    },
    "root": {
      "inputs": {
        "nixpkgs": "nixpkgs"
      }
    }
  },
  "root": "root",
  "version": 7
}
